
Microsoft Visual Studio Solution File, Format Version 12.00
# Visual Studio 15
VisualStudioVersion = 15.0.28307.572
MinimumVisualStudioVersion = 10.0.40219.1
Project("{8BC9CEB8-8B4A-11D0-8D11-00A0C91BC942}") = "Sandbox", "Sandbox\Sandbox.vcxproj", "{C78CE462-8886-4291-B971-0992EF944718}"
EndProject
Project("{8BC9CEB8-8B4A-11D0-8D11-00A0C91BC942}") = "rsg", "rsg\rsg.vcxproj", "{0D7CF531-AF3C-441A-8F2D-96540135D2D0}"
EndProject
Global
	GlobalSection(SolutionConfigurationPlatforms) = preSolution
		Debug|x64 = Debug|x64
		Debug|x86 = Debug|x86
		Release|x64 = Release|x64
		Release|x86 = Release|x86
	EndGlobalSection
	GlobalSection(ProjectConfigurationPlatforms) = postSolution
		{C78CE462-8886-4291-B971-0992EF944718}.Debug|x64.ActiveCfg = Debug|x64
		{C78CE462-8886-4291-B971-0992EF944718}.Debug|x64.Build.0 = Debug|x64
		{C78CE462-8886-4291-B971-0992EF944718}.Debug|x86.ActiveCfg = Debug|x64
		{C78CE462-8886-4291-B971-0992EF944718}.Debug|x86.Build.0 = Debug|x64
		{C78CE462-8886-4291-B971-0992EF944718}.Release|x64.ActiveCfg = Debug|x64
		{C78CE462-8886-4291-B971-0992EF944718}.Release|x64.Build.0 = Debug|x64
		{C78CE462-8886-4291-B971-0992EF944718}.Release|x86.ActiveCfg = Debug|x64
		{C78CE462-8886-4291-B971-0992EF944718}.Release|x86.Build.0 = Debug|x64
		{0D7CF531-AF3C-441A-8F2D-96540135D2D0}.Debug|x64.ActiveCfg = Debug|x64
		{0D7CF531-AF3C-441A-8F2D-96540135D2D0}.Debug|x64.Build.0 = Debug|x64
		{0D7CF531-AF3C-441A-8F2D-96540135D2D0}.Debug|x86.ActiveCfg = Debug|Win32
		{0D7CF531-AF3C-441A-8F2D-96540135D2D0}.Debug|x86.Build.0 = Debug|Win32
		{0D7CF531-AF3C-441A-8F2D-96540135D2D0}.Release|x64.ActiveCfg = Release|x64
		{0D7CF531-AF3C-441A-8F2D-96540135D2D0}.Release|x64.Build.0 = Release|x64
		{0D7CF531-AF3C-441A-8F2D-96540135D2D0}.Release|x86.ActiveCfg = Release|Win32
		{0D7CF531-AF3C-441A-8F2D-96540135D2D0}.Release|x86.Build.0 = Release|Win32
	EndGlobalSection
	GlobalSection(SolutionProperties) = preSolution
		HideSolutionNode = FALSE
	EndGlobalSection
	GlobalSection(ExtensibilityGlobals) = postSolution
		SolutionGuid = {48D82BED-7589-492C-A8BA-AC87EAC0487D}
	EndGlobalSection
EndGlobal
